
Microsoft Visual Studio Solution File, Format Version 12.00
Project("{FAE04EC0-301F-11D3-BF4B-00C04F79EFBC}") = "MetricsManager.Application", "MetricsManager.Application\MetricsManager.Application.csproj", "{272A0EF4-CEEC-451A-88DA-D561445FCDBB}"
EndProject
Project("{FAE04EC0-301F-11D3-BF4B-00C04F79EFBC}") = "MetricsManager.Services", "MetricsManager.Services\MetricsManager.Services.csproj", "{2A6DAD26-2CAB-44D0-9303-23178A24722B}"
EndProject
Project("{FAE04EC0-301F-11D3-BF4B-00C04F79EFBC}") = "MetricsManager.DB", "MetricsManager.DB\MetricsManager.DB.csproj", "{4062D66D-C76F-4D94-A8E5-48912CB07A5D}"
EndProject
Project("{FAE04EC0-301F-11D3-BF4B-00C04F79EFBC}") = "Agent.Application", "Agent.Application\Agent.Application.csproj", "{E8F32966-0C20-4166-980A-F92489183A6E}"
EndProject
Project("{FAE04EC0-301F-11D3-BF4B-00C04F79EFBC}") = "Agent.DB", "Agent.DB\Agent.DB.csproj", "{D2171146-7DD0-4FFD-9D3A-3B78861A1475}"
EndProject
Project("{FAE04EC0-301F-11D3-BF4B-00C04F79EFBC}") = "Agent.Service", "Agent.Service\Agent.Service.csproj", "{D355428C-B3FE-4DA5-AE6A-7636173EF90A}"
EndProject
Project("{FAE04EC0-301F-11D3-BF4B-00C04F79EFBC}") = "Agent.Entities", "Agent.Entities\Agent.Entities.csproj", "{2F86338E-A6FE-43FD-AE10-4F520F0E8999}"
EndProject
Project("{FAE04EC0-301F-11D3-BF4B-00C04F79EFBC}") = "MetricsManager.Entities", "MetricsManager.Entities\MetricsManager.Entities.csproj", "{A7207343-4A64-4B84-9C81-59FB5110772B}"
EndProject
Global
	GlobalSection(SolutionConfigurationPlatforms) = preSolution
		Debug|Any CPU = Debug|Any CPU
		Release|Any CPU = Release|Any CPU
	EndGlobalSection
	GlobalSection(ProjectConfigurationPlatforms) = postSolution
		{272A0EF4-CEEC-451A-88DA-D561445FCDBB}.Debug|Any CPU.ActiveCfg = Debug|Any CPU
		{272A0EF4-CEEC-451A-88DA-D561445FCDBB}.Debug|Any CPU.Build.0 = Debug|Any CPU
		{272A0EF4-CEEC-451A-88DA-D561445FCDBB}.Release|Any CPU.ActiveCfg = Release|Any CPU
		{272A0EF4-CEEC-451A-88DA-D561445FCDBB}.Release|Any CPU.Build.0 = Release|Any CPU
		{2A6DAD26-2CAB-44D0-9303-23178A24722B}.Debug|Any CPU.ActiveCfg = Debug|Any CPU
		{2A6DAD26-2CAB-44D0-9303-23178A24722B}.Debug|Any CPU.Build.0 = Debug|Any CPU
		{2A6DAD26-2CAB-44D0-9303-23178A24722B}.Release|Any CPU.ActiveCfg = Release|Any CPU
		{2A6DAD26-2CAB-44D0-9303-23178A24722B}.Release|Any CPU.Build.0 = Release|Any CPU
		{4062D66D-C76F-4D94-A8E5-48912CB07A5D}.Debug|Any CPU.ActiveCfg = Debug|Any CPU
		{4062D66D-C76F-4D94-A8E5-48912CB07A5D}.Debug|Any CPU.Build.0 = Debug|Any CPU
		{4062D66D-C76F-4D94-A8E5-48912CB07A5D}.Release|Any CPU.ActiveCfg = Release|Any CPU
		{4062D66D-C76F-4D94-A8E5-48912CB07A5D}.Release|Any CPU.Build.0 = Release|Any CPU
		{E8F32966-0C20-4166-980A-F92489183A6E}.Debug|Any CPU.ActiveCfg = Debug|Any CPU
		{E8F32966-0C20-4166-980A-F92489183A6E}.Debug|Any CPU.Build.0 = Debug|Any CPU
		{E8F32966-0C20-4166-980A-F92489183A6E}.Release|Any CPU.ActiveCfg = Release|Any CPU
		{E8F32966-0C20-4166-980A-F92489183A6E}.Release|Any CPU.Build.0 = Release|Any CPU
		{D2171146-7DD0-4FFD-9D3A-3B78861A1475}.Debug|Any CPU.ActiveCfg = Debug|Any CPU
		{D2171146-7DD0-4FFD-9D3A-3B78861A1475}.Debug|Any CPU.Build.0 = Debug|Any CPU
		{D2171146-7DD0-4FFD-9D3A-3B78861A1475}.Release|Any CPU.ActiveCfg = Release|Any CPU
		{D2171146-7DD0-4FFD-9D3A-3B78861A1475}.Release|Any CPU.Build.0 = Release|Any CPU
		{D355428C-B3FE-4DA5-AE6A-7636173EF90A}.Debug|Any CPU.ActiveCfg = Debug|Any CPU
		{D355428C-B3FE-4DA5-AE6A-7636173EF90A}.Debug|Any CPU.Build.0 = Debug|Any CPU
		{D355428C-B3FE-4DA5-AE6A-7636173EF90A}.Release|Any CPU.ActiveCfg = Release|Any CPU
		{D355428C-B3FE-4DA5-AE6A-7636173EF90A}.Release|Any CPU.Build.0 = Release|Any CPU
		{2F86338E-A6FE-43FD-AE10-4F520F0E8999}.Debug|Any CPU.ActiveCfg = Debug|Any CPU
		{2F86338E-A6FE-43FD-AE10-4F520F0E8999}.Debug|Any CPU.Build.0 = Debug|Any CPU
		{2F86338E-A6FE-43FD-AE10-4F520F0E8999}.Release|Any CPU.ActiveCfg = Release|Any CPU
		{2F86338E-A6FE-43FD-AE10-4F520F0E8999}.Release|Any CPU.Build.0 = Release|Any CPU
		{A7207343-4A64-4B84-9C81-59FB5110772B}.Debug|Any CPU.ActiveCfg = Debug|Any CPU
		{A7207343-4A64-4B84-9C81-59FB5110772B}.Debug|Any CPU.Build.0 = Debug|Any CPU
		{A7207343-4A64-4B84-9C81-59FB5110772B}.Release|Any CPU.ActiveCfg = Release|Any CPU
		{A7207343-4A64-4B84-9C81-59FB5110772B}.Release|Any CPU.Build.0 = Release|Any CPU
	EndGlobalSection
EndGlobal
