
Microsoft Visual Studio Solution File, Format Version 12.00
Project("{FAE04EC0-301F-11D3-BF4B-00C04F79EFBC}") = "ADLesson_2_2", "ADLesson_2_2\ADLesson_2_2.csproj", "{8AC68F15-F024-443E-9EE5-D0EA1B1CD3C6}"
EndProject
Project("{FAE04EC0-301F-11D3-BF4B-00C04F79EFBC}") = "ADLesson_2_2UnitTests", "ADLesson_2_2UnitTests\ADLesson_2_2UnitTests.csproj", "{6ACD75FB-C1B5-4802-B2AC-F46208BC0323}"
EndProject
Global
	GlobalSection(SolutionConfigurationPlatforms) = preSolution
		Debug|Any CPU = Debug|Any CPU
		Release|Any CPU = Release|Any CPU
	EndGlobalSection
	GlobalSection(ProjectConfigurationPlatforms) = postSolution
		{8AC68F15-F024-443E-9EE5-D0EA1B1CD3C6}.Debug|Any CPU.ActiveCfg = Debug|Any CPU
		{8AC68F15-F024-443E-9EE5-D0EA1B1CD3C6}.Debug|Any CPU.Build.0 = Debug|Any CPU
		{8AC68F15-F024-443E-9EE5-D0EA1B1CD3C6}.Release|Any CPU.ActiveCfg = Release|Any CPU
		{8AC68F15-F024-443E-9EE5-D0EA1B1CD3C6}.Release|Any CPU.Build.0 = Release|Any CPU
		{6ACD75FB-C1B5-4802-B2AC-F46208BC0323}.Debug|Any CPU.ActiveCfg = Debug|Any CPU
		{6ACD75FB-C1B5-4802-B2AC-F46208BC0323}.Debug|Any CPU.Build.0 = Debug|Any CPU
		{6ACD75FB-C1B5-4802-B2AC-F46208BC0323}.Release|Any CPU.ActiveCfg = Release|Any CPU
		{6ACD75FB-C1B5-4802-B2AC-F46208BC0323}.Release|Any CPU.Build.0 = Release|Any CPU
	EndGlobalSection
EndGlobal
