
Microsoft Visual Studio Solution File, Format Version 12.00
Project("{FAE04EC0-301F-11D3-BF4B-00C04F79EFBC}") = "ADLesson_1_1", "ADLesson_1_1.csproj", "{C47B9C81-EE68-433F-95F3-B13A3D04BDB5}"
EndProject
Global
	GlobalSection(SolutionConfigurationPlatforms) = preSolution
		Debug|Any CPU = Debug|Any CPU
		Release|Any CPU = Release|Any CPU
	EndGlobalSection
	GlobalSection(ProjectConfigurationPlatforms) = postSolution
		{C47B9C81-EE68-433F-95F3-B13A3D04BDB5}.Debug|Any CPU.ActiveCfg = Debug|Any CPU
		{C47B9C81-EE68-433F-95F3-B13A3D04BDB5}.Debug|Any CPU.Build.0 = Debug|Any CPU
		{C47B9C81-EE68-433F-95F3-B13A3D04BDB5}.Release|Any CPU.ActiveCfg = Release|Any CPU
		{C47B9C81-EE68-433F-95F3-B13A3D04BDB5}.Release|Any CPU.Build.0 = Release|Any CPU
	EndGlobalSection
EndGlobal
