
Microsoft Visual Studio Solution File, Format Version 12.00
Project("{FAE04EC0-301F-11D3-BF4B-00C04F79EFBC}") = "MetricsManager", "MetricsManager\MetricsManager.csproj", "{C5CAA127-0885-41E7-B884-69A4E755005B}"
EndProject
Project("{FAE04EC0-301F-11D3-BF4B-00C04F79EFBC}") = "Agent", "Agent\Agent.csproj", "{DF87C30A-29F5-453D-87E9-7FC76C62C883}"
EndProject
Project("{FAE04EC0-301F-11D3-BF4B-00C04F79EFBC}") = "MetricsManagerTests", "MetricsManagerTests\MetricsManagerTests.csproj", "{EB00F3C5-3FAA-4AB8-999A-EECF7EC299C9}"
EndProject
Global
	GlobalSection(SolutionConfigurationPlatforms) = preSolution
		Debug|Any CPU = Debug|Any CPU
		Release|Any CPU = Release|Any CPU
	EndGlobalSection
	GlobalSection(ProjectConfigurationPlatforms) = postSolution
		{C5CAA127-0885-41E7-B884-69A4E755005B}.Debug|Any CPU.ActiveCfg = Debug|Any CPU
		{C5CAA127-0885-41E7-B884-69A4E755005B}.Debug|Any CPU.Build.0 = Debug|Any CPU
		{C5CAA127-0885-41E7-B884-69A4E755005B}.Release|Any CPU.ActiveCfg = Release|Any CPU
		{C5CAA127-0885-41E7-B884-69A4E755005B}.Release|Any CPU.Build.0 = Release|Any CPU
		{DF87C30A-29F5-453D-87E9-7FC76C62C883}.Debug|Any CPU.ActiveCfg = Debug|Any CPU
		{DF87C30A-29F5-453D-87E9-7FC76C62C883}.Debug|Any CPU.Build.0 = Debug|Any CPU
		{DF87C30A-29F5-453D-87E9-7FC76C62C883}.Release|Any CPU.ActiveCfg = Release|Any CPU
		{DF87C30A-29F5-453D-87E9-7FC76C62C883}.Release|Any CPU.Build.0 = Release|Any CPU
		{EB00F3C5-3FAA-4AB8-999A-EECF7EC299C9}.Debug|Any CPU.ActiveCfg = Debug|Any CPU
		{EB00F3C5-3FAA-4AB8-999A-EECF7EC299C9}.Debug|Any CPU.Build.0 = Debug|Any CPU
		{EB00F3C5-3FAA-4AB8-999A-EECF7EC299C9}.Release|Any CPU.ActiveCfg = Release|Any CPU
		{EB00F3C5-3FAA-4AB8-999A-EECF7EC299C9}.Release|Any CPU.Build.0 = Release|Any CPU
	EndGlobalSection
EndGlobal
