
Microsoft Visual Studio Solution File, Format Version 12.00
Project("{FAE04EC0-301F-11D3-BF4B-00C04F79EFBC}") = "Lesson_3_4", "Lesson_3_4.csproj", "{F56C86B7-DD0B-4909-9E10-CD6FD372963A}"
EndProject
Global
	GlobalSection(SolutionConfigurationPlatforms) = preSolution
		Debug|Any CPU = Debug|Any CPU
		Release|Any CPU = Release|Any CPU
	EndGlobalSection
	GlobalSection(ProjectConfigurationPlatforms) = postSolution
		{F56C86B7-DD0B-4909-9E10-CD6FD372963A}.Debug|Any CPU.ActiveCfg = Debug|Any CPU
		{F56C86B7-DD0B-4909-9E10-CD6FD372963A}.Debug|Any CPU.Build.0 = Debug|Any CPU
		{F56C86B7-DD0B-4909-9E10-CD6FD372963A}.Release|Any CPU.ActiveCfg = Release|Any CPU
		{F56C86B7-DD0B-4909-9E10-CD6FD372963A}.Release|Any CPU.Build.0 = Release|Any CPU
	EndGlobalSection
EndGlobal
