
Microsoft Visual Studio Solution File, Format Version 12.00
Project("{FAE04EC0-301F-11D3-BF4B-00C04F79EFBC}") = "ADLesson_8_1", "ADLesson_8_1\ADLesson_8_1.csproj", "{FDEC8D0F-C7A1-4C31-8F0D-0B852633BB45}"
EndProject
Global
	GlobalSection(SolutionConfigurationPlatforms) = preSolution
		Debug|Any CPU = Debug|Any CPU
		Release|Any CPU = Release|Any CPU
	EndGlobalSection
	GlobalSection(ProjectConfigurationPlatforms) = postSolution
		{FDEC8D0F-C7A1-4C31-8F0D-0B852633BB45}.Debug|Any CPU.ActiveCfg = Debug|Any CPU
		{FDEC8D0F-C7A1-4C31-8F0D-0B852633BB45}.Debug|Any CPU.Build.0 = Debug|Any CPU
		{FDEC8D0F-C7A1-4C31-8F0D-0B852633BB45}.Release|Any CPU.ActiveCfg = Release|Any CPU
		{FDEC8D0F-C7A1-4C31-8F0D-0B852633BB45}.Release|Any CPU.Build.0 = Release|Any CPU
	EndGlobalSection
EndGlobal
