
Microsoft Visual Studio Solution File, Format Version 12.00
Project("{FAE04EC0-301F-11D3-BF4B-00C04F79EFBC}") = "Lesson_4_3", "Lesson_4_3.csproj", "{EC4CD49D-3D86-4CD3-82D2-A449155157F3}"
EndProject
Global
	GlobalSection(SolutionConfigurationPlatforms) = preSolution
		Debug|Any CPU = Debug|Any CPU
		Release|Any CPU = Release|Any CPU
	EndGlobalSection
	GlobalSection(ProjectConfigurationPlatforms) = postSolution
		{EC4CD49D-3D86-4CD3-82D2-A449155157F3}.Debug|Any CPU.ActiveCfg = Debug|Any CPU
		{EC4CD49D-3D86-4CD3-82D2-A449155157F3}.Debug|Any CPU.Build.0 = Debug|Any CPU
		{EC4CD49D-3D86-4CD3-82D2-A449155157F3}.Release|Any CPU.ActiveCfg = Release|Any CPU
		{EC4CD49D-3D86-4CD3-82D2-A449155157F3}.Release|Any CPU.Build.0 = Release|Any CPU
	EndGlobalSection
EndGlobal
