
Microsoft Visual Studio Solution File, Format Version 12.00
Project("{FAE04EC0-301F-11D3-BF4B-00C04F79EFBC}") = "Lesson_2_6", "Lesson_2_6.csproj", "{4FBFB006-095A-422F-9007-78C7A7287541}"
EndProject
Global
	GlobalSection(SolutionConfigurationPlatforms) = preSolution
		Debug|Any CPU = Debug|Any CPU
		Release|Any CPU = Release|Any CPU
	EndGlobalSection
	GlobalSection(ProjectConfigurationPlatforms) = postSolution
		{4FBFB006-095A-422F-9007-78C7A7287541}.Debug|Any CPU.ActiveCfg = Debug|Any CPU
		{4FBFB006-095A-422F-9007-78C7A7287541}.Debug|Any CPU.Build.0 = Debug|Any CPU
		{4FBFB006-095A-422F-9007-78C7A7287541}.Release|Any CPU.ActiveCfg = Release|Any CPU
		{4FBFB006-095A-422F-9007-78C7A7287541}.Release|Any CPU.Build.0 = Release|Any CPU
	EndGlobalSection
EndGlobal
