
Microsoft Visual Studio Solution File, Format Version 12.00
Project("{FAE04EC0-301F-11D3-BF4B-00C04F79EFBC}") = "Lesson_4_4", "Lesson_4_4.csproj", "{95AE6236-A0C4-4E41-A3E2-7C706BCAD3DA}"
EndProject
Global
	GlobalSection(SolutionConfigurationPlatforms) = preSolution
		Debug|Any CPU = Debug|Any CPU
		Release|Any CPU = Release|Any CPU
	EndGlobalSection
	GlobalSection(ProjectConfigurationPlatforms) = postSolution
		{95AE6236-A0C4-4E41-A3E2-7C706BCAD3DA}.Debug|Any CPU.ActiveCfg = Debug|Any CPU
		{95AE6236-A0C4-4E41-A3E2-7C706BCAD3DA}.Debug|Any CPU.Build.0 = Debug|Any CPU
		{95AE6236-A0C4-4E41-A3E2-7C706BCAD3DA}.Release|Any CPU.ActiveCfg = Release|Any CPU
		{95AE6236-A0C4-4E41-A3E2-7C706BCAD3DA}.Release|Any CPU.Build.0 = Release|Any CPU
	EndGlobalSection
EndGlobal
