
Microsoft Visual Studio Solution File, Format Version 12.00
Project("{FAE04EC0-301F-11D3-BF4B-00C04F79EFBC}") = "PolishCalculator.App", "PolishCalculator.App\PolishCalculator.App.csproj", "{DEF0F43F-A725-4644-921D-68EC8FA25965}"
EndProject
Project("{FAE04EC0-301F-11D3-BF4B-00C04F79EFBC}") = "PolishCalculator.AppTests", "PolishCalculator.AppTests\PolishCalculator.AppTests.csproj", "{73042044-6BE8-418A-A877-731B1F648E4B}"
EndProject
Global
	GlobalSection(SolutionConfigurationPlatforms) = preSolution
		Debug|Any CPU = Debug|Any CPU
		Release|Any CPU = Release|Any CPU
	EndGlobalSection
	GlobalSection(ProjectConfigurationPlatforms) = postSolution
		{DEF0F43F-A725-4644-921D-68EC8FA25965}.Debug|Any CPU.ActiveCfg = Debug|Any CPU
		{DEF0F43F-A725-4644-921D-68EC8FA25965}.Debug|Any CPU.Build.0 = Debug|Any CPU
		{DEF0F43F-A725-4644-921D-68EC8FA25965}.Release|Any CPU.ActiveCfg = Release|Any CPU
		{DEF0F43F-A725-4644-921D-68EC8FA25965}.Release|Any CPU.Build.0 = Release|Any CPU
		{73042044-6BE8-418A-A877-731B1F648E4B}.Debug|Any CPU.ActiveCfg = Debug|Any CPU
		{73042044-6BE8-418A-A877-731B1F648E4B}.Debug|Any CPU.Build.0 = Debug|Any CPU
		{73042044-6BE8-418A-A877-731B1F648E4B}.Release|Any CPU.ActiveCfg = Release|Any CPU
		{73042044-6BE8-418A-A877-731B1F648E4B}.Release|Any CPU.Build.0 = Release|Any CPU
	EndGlobalSection
EndGlobal
