
Microsoft Visual Studio Solution File, Format Version 12.00
Project("{FAE04EC0-301F-11D3-BF4B-00C04F79EFBC}") = "App", "App\App.csproj", "{0EA42C0C-2EA8-43F4-8BDD-C06766D77334}"
EndProject
Project("{FAE04EC0-301F-11D3-BF4B-00C04F79EFBC}") = "App.Tests", "App.Tests\App.Tests.csproj", "{52B27E75-F18B-4C96-B683-081CFBA654C6}"
EndProject
Global
	GlobalSection(SolutionConfigurationPlatforms) = preSolution
		Debug|Any CPU = Debug|Any CPU
		Release|Any CPU = Release|Any CPU
	EndGlobalSection
	GlobalSection(ProjectConfigurationPlatforms) = postSolution
		{0EA42C0C-2EA8-43F4-8BDD-C06766D77334}.Debug|Any CPU.ActiveCfg = Debug|Any CPU
		{0EA42C0C-2EA8-43F4-8BDD-C06766D77334}.Debug|Any CPU.Build.0 = Debug|Any CPU
		{0EA42C0C-2EA8-43F4-8BDD-C06766D77334}.Release|Any CPU.ActiveCfg = Release|Any CPU
		{0EA42C0C-2EA8-43F4-8BDD-C06766D77334}.Release|Any CPU.Build.0 = Release|Any CPU
		{52B27E75-F18B-4C96-B683-081CFBA654C6}.Debug|Any CPU.ActiveCfg = Debug|Any CPU
		{52B27E75-F18B-4C96-B683-081CFBA654C6}.Debug|Any CPU.Build.0 = Debug|Any CPU
		{52B27E75-F18B-4C96-B683-081CFBA654C6}.Release|Any CPU.ActiveCfg = Release|Any CPU
		{52B27E75-F18B-4C96-B683-081CFBA654C6}.Release|Any CPU.Build.0 = Release|Any CPU
	EndGlobalSection
EndGlobal
