
Microsoft Visual Studio Solution File, Format Version 12.00
Project("{FAE04EC0-301F-11D3-BF4B-00C04F79EFBC}") = "ADLesson_4_2", "ADLesson_4_2.csproj", "{248C9EC6-9DB4-4F1E-9A65-F3172240EC71}"
EndProject
Global
	GlobalSection(SolutionConfigurationPlatforms) = preSolution
		Debug|Any CPU = Debug|Any CPU
		Release|Any CPU = Release|Any CPU
	EndGlobalSection
	GlobalSection(ProjectConfigurationPlatforms) = postSolution
		{248C9EC6-9DB4-4F1E-9A65-F3172240EC71}.Debug|Any CPU.ActiveCfg = Debug|Any CPU
		{248C9EC6-9DB4-4F1E-9A65-F3172240EC71}.Debug|Any CPU.Build.0 = Debug|Any CPU
		{248C9EC6-9DB4-4F1E-9A65-F3172240EC71}.Release|Any CPU.ActiveCfg = Release|Any CPU
		{248C9EC6-9DB4-4F1E-9A65-F3172240EC71}.Release|Any CPU.Build.0 = Release|Any CPU
	EndGlobalSection
EndGlobal
